
Microsoft Visual Studio Solution File, Format Version 12.00
# Visual Studio 2017
Project("{FAE04EC0-301F-11D3-BF4B-00C04F79EFBC}") = "Fort.Plugins", "Fort.Plugins.csproj", "{2EECFF1D-B65F-F63E-FE83-FA275F476302}"
EndProject
Project("{FAE04EC0-301F-11D3-BF4B-00C04F79EFBC}") = "Fort", "Fort.csproj", "{E991BE7C-1A9E-169A-28EB-11F669E443BE}"
EndProject
Project("{FAE04EC0-301F-11D3-BF4B-00C04F79EFBC}") = "Fort.Editor", "Fort.Editor.csproj", "{0EAD593A-E45F-5165-AC4C-F1E5AEAC1701}"
EndProject
Global
	GlobalSection(SolutionConfigurationPlatforms) = preSolution
		Debug|Any CPU = Debug|Any CPU
		Release|Any CPU = Release|Any CPU
	EndGlobalSection
	GlobalSection(ProjectConfigurationPlatforms) = postSolution
		{2EECFF1D-B65F-F63E-FE83-FA275F476302}.Debug|Any CPU.ActiveCfg = Debug|Any CPU
		{2EECFF1D-B65F-F63E-FE83-FA275F476302}.Debug|Any CPU.Build.0 = Debug|Any CPU
		{2EECFF1D-B65F-F63E-FE83-FA275F476302}.Release|Any CPU.ActiveCfg = Release|Any CPU
		{2EECFF1D-B65F-F63E-FE83-FA275F476302}.Release|Any CPU.Build.0 = Release|Any CPU
		{E991BE7C-1A9E-169A-28EB-11F669E443BE}.Debug|Any CPU.ActiveCfg = Debug|Any CPU
		{E991BE7C-1A9E-169A-28EB-11F669E443BE}.Debug|Any CPU.Build.0 = Debug|Any CPU
		{E991BE7C-1A9E-169A-28EB-11F669E443BE}.Release|Any CPU.ActiveCfg = Release|Any CPU
		{E991BE7C-1A9E-169A-28EB-11F669E443BE}.Release|Any CPU.Build.0 = Release|Any CPU
		{0EAD593A-E45F-5165-AC4C-F1E5AEAC1701}.Debug|Any CPU.ActiveCfg = Debug|Any CPU
		{0EAD593A-E45F-5165-AC4C-F1E5AEAC1701}.Debug|Any CPU.Build.0 = Debug|Any CPU
		{0EAD593A-E45F-5165-AC4C-F1E5AEAC1701}.Release|Any CPU.ActiveCfg = Release|Any CPU
		{0EAD593A-E45F-5165-AC4C-F1E5AEAC1701}.Release|Any CPU.Build.0 = Release|Any CPU
	EndGlobalSection
	GlobalSection(SolutionProperties) = preSolution
		HideSolutionNode = FALSE
	EndGlobalSection
EndGlobal
